// !$*UTF8*$!
{
	archiveVersion = 1;
	classes = {
	};
	objectVersion = 46;
	objects = {

/* Begin PBXBuildFile section */
		70283F6A1E0D0C1B00EC3615 /* DemoMainTableViewController.swift in Sources */ = {isa = PBXBuildFile; fileRef = 70283F691E0D0C1B00EC3615 /* DemoMainTableViewController.swift */; };
		70283F6C1E0D0F2400EC3615 /* BackgroundScanViewController.swift in Sources */ = {isa = PBXBuildFile; fileRef = 70283F6B1E0D0F2400EC3615 /* BackgroundScanViewController.swift */; };
		702DE7DF1DF935EF00CC52A8 /* AppDelegate.swift in Sources */ = {isa = PBXBuildFile; fileRef = 702DE7DE1DF935EF00CC52A8 /* AppDelegate.swift */; };
		702DE7E11DF935EF00CC52A8 /* ViewController.swift in Sources */ = {isa = PBXBuildFile; fileRef = 702DE7E01DF935EF00CC52A8 /* ViewController.swift */; };
		702DE7E41DF935EF00CC52A8 /* Main.storyboard in Resources */ = {isa = PBXBuildFile; fileRef = 702DE7E21DF935EF00CC52A8 /* Main.storyboard */; };
		702DE7E61DF935EF00CC52A8 /* Assets.xcassets in Resources */ = {isa = PBXBuildFile; fileRef = 702DE7E51DF935EF00CC52A8 /* Assets.xcassets */; };
		702DE7E91DF935EF00CC52A8 /* LaunchScreen.storyboard in Resources */ = {isa = PBXBuildFile; fileRef = 702DE7E71DF935EF00CC52A8 /* LaunchScreen.storyboard */; };
		702DE7F41DF935F000CC52A8 /* CuspDemoTests.swift in Sources */ = {isa = PBXBuildFile; fileRef = 702DE7F31DF935EF00CC52A8 /* CuspDemoTests.swift */; };
		7041B0D91E1396D5008B35B8 /* DescriptorViewController.swift in Sources */ = {isa = PBXBuildFile; fileRef = 7041B0D81E1396D5008B35B8 /* DescriptorViewController.swift */; };
		706208311E2CBB80008B3981 /* CuspPeripheral.swift in Sources */ = {isa = PBXBuildFile; fileRef = 706208301E2CBB80008B3981 /* CuspPeripheral.swift */; };
		707EED361E03ED8800083BEF /* Cusp.framework in Frameworks */ = {isa = PBXBuildFile; fileRef = 70AD570E1D8A8E59003042F4 /* Cusp.framework */; };
		707EED371E03ED8800083BEF /* Cusp.framework in Embed Frameworks */ = {isa = PBXBuildFile; fileRef = 70AD570E1D8A8E59003042F4 /* Cusp.framework */; settings = {ATTRIBUTES = (CodeSignOnCopy, RemoveHeadersOnCopy, ); }; };
		707EED3C1E03FF9D00083BEF /* GATT.swift in Sources */ = {isa = PBXBuildFile; fileRef = 707EED3B1E03FF9D00083BEF /* GATT.swift */; };
		708A12DD1E2C708E0064126E /* CuspCentral.swift in Sources */ = {isa = PBXBuildFile; fileRef = 708A12DC1E2C708E0064126E /* CuspCentral.swift */; };
		708A12DF1E2C76980064126E /* ScanTableViewController.swift in Sources */ = {isa = PBXBuildFile; fileRef = 708A12DE1E2C76980064126E /* ScanTableViewController.swift */; };
		70AD57181D8A8E59003042F4 /* Cusp.framework in Frameworks */ = {isa = PBXBuildFile; fileRef = 70AD570E1D8A8E59003042F4 /* Cusp.framework */; };
		70AD571D1D8A8E59003042F4 /* CuspTests.swift in Sources */ = {isa = PBXBuildFile; fileRef = 70AD571C1D8A8E59003042F4 /* CuspTests.swift */; };
		70AD571F1D8A8E59003042F4 /* Cusp.h in Headers */ = {isa = PBXBuildFile; fileRef = 70AD57111D8A8E59003042F4 /* Cusp.h */; settings = {ATTRIBUTES = (Public, ); }; };
		70AD57401D8A8F41003042F4 /* Advertisement.swift in Sources */ = {isa = PBXBuildFile; fileRef = 70AD572A1D8A8F41003042F4 /* Advertisement.swift */; };
		70AD57411D8A8F41003042F4 /* CancelConnect.swift in Sources */ = {isa = PBXBuildFile; fileRef = 70AD572B1D8A8F41003042F4 /* CancelConnect.swift */; };
		70AD57421D8A8F41003042F4 /* CentralManagerDelegate.swift in Sources */ = {isa = PBXBuildFile; fileRef = 70AD572C1D8A8F41003042F4 /* CentralManagerDelegate.swift */; };
		70AD57431D8A8F41003042F4 /* Connect.swift in Sources */ = {isa = PBXBuildFile; fileRef = 70AD572D1D8A8F41003042F4 /* Connect.swift */; };
		70AD57441D8A8F41003042F4 /* Cusp.swift in Sources */ = {isa = PBXBuildFile; fileRef = 70AD572E1D8A8F41003042F4 /* Cusp.swift */; };
		70AD57451D8A8F41003042F4 /* CuspSession.swift in Sources */ = {isa = PBXBuildFile; fileRef = 70AD572F1D8A8F41003042F4 /* CuspSession.swift */; };
		70AD57461D8A8F41003042F4 /* Disconnect.swift in Sources */ = {isa = PBXBuildFile; fileRef = 70AD57301D8A8F41003042F4 /* Disconnect.swift */; };
		70AD57471D8A8F41003042F4 /* Discover.swift in Sources */ = {isa = PBXBuildFile; fileRef = 70AD57311D8A8F41003042F4 /* Discover.swift */; };
		70AD57481D8A8F41003042F4 /* Error.swift in Sources */ = {isa = PBXBuildFile; fileRef = 70AD57321D8A8F41003042F4 /* Error.swift */; };
		70AD57491D8A8F41003042F4 /* Extensions.swift in Sources */ = {isa = PBXBuildFile; fileRef = 70AD57331D8A8F41003042F4 /* Extensions.swift */; };
		70AD574A1D8A8F41003042F4 /* Peripheral.swift in Sources */ = {isa = PBXBuildFile; fileRef = 70AD57341D8A8F41003042F4 /* Peripheral.swift */; };
		70AD574B1D8A8F41003042F4 /* PeripheralDelegate.swift in Sources */ = {isa = PBXBuildFile; fileRef = 70AD57351D8A8F41003042F4 /* PeripheralDelegate.swift */; };
		70AD574C1D8A8F41003042F4 /* Read.swift in Sources */ = {isa = PBXBuildFile; fileRef = 70AD57361D8A8F41003042F4 /* Read.swift */; };
		70AD574D1D8A8F41003042F4 /* Request.swift in Sources */ = {isa = PBXBuildFile; fileRef = 70AD57371D8A8F41003042F4 /* Request.swift */; };
		70AD574E1D8A8F41003042F4 /* Response.swift in Sources */ = {isa = PBXBuildFile; fileRef = 70AD57381D8A8F41003042F4 /* Response.swift */; };
		70AD574F1D8A8F41003042F4 /* RSSI.swift in Sources */ = {isa = PBXBuildFile; fileRef = 70AD57391D8A8F41003042F4 /* RSSI.swift */; };
		70AD57501D8A8F41003042F4 /* Scan.swift in Sources */ = {isa = PBXBuildFile; fileRef = 70AD573A1D8A8F41003042F4 /* Scan.swift */; };
		70AD57511D8A8F41003042F4 /* State.swift in Sources */ = {isa = PBXBuildFile; fileRef = 70AD573B1D8A8F41003042F4 /* State.swift */; };
		70AD57521D8A8F41003042F4 /* Subscribe.swift in Sources */ = {isa = PBXBuildFile; fileRef = 70AD573C1D8A8F41003042F4 /* Subscribe.swift */; };
		70AD57531D8A8F41003042F4 /* Subscription.swift in Sources */ = {isa = PBXBuildFile; fileRef = 70AD573D1D8A8F41003042F4 /* Subscription.swift */; };
		70AD57541D8A8F41003042F4 /* Unsubscribe.swift in Sources */ = {isa = PBXBuildFile; fileRef = 70AD573E1D8A8F41003042F4 /* Unsubscribe.swift */; };
		70AD57551D8A8F41003042F4 /* Write.swift in Sources */ = {isa = PBXBuildFile; fileRef = 70AD573F1D8A8F41003042F4 /* Write.swift */; };
/* End PBXBuildFile section */

/* Begin PBXContainerItemProxy section */
		702DE7F01DF935EF00CC52A8 /* PBXContainerItemProxy */ = {
			isa = PBXContainerItemProxy;
			containerPortal = 70AD57051D8A8E59003042F4 /* Project object */;
			proxyType = 1;
			remoteGlobalIDString = 702DE7DB1DF935EF00CC52A8;
			remoteInfo = CuspDemo;
		};
		707EED381E03ED8800083BEF /* PBXContainerItemProxy */ = {
			isa = PBXContainerItemProxy;
			containerPortal = 70AD57051D8A8E59003042F4 /* Project object */;
			proxyType = 1;
			remoteGlobalIDString = 70AD570D1D8A8E59003042F4;
			remoteInfo = Cusp;
		};
		70AD57191D8A8E59003042F4 /* PBXContainerItemProxy */ = {
			isa = PBXContainerItemProxy;
			containerPortal = 70AD57051D8A8E59003042F4 /* Project object */;
			proxyType = 1;
			remoteGlobalIDString = 70AD570D1D8A8E59003042F4;
			remoteInfo = Cusp;
		};
/* End PBXContainerItemProxy section */

/* Begin PBXCopyFilesBuildPhase section */
		707EED3A1E03ED8800083BEF /* Embed Frameworks */ = {
			isa = PBXCopyFilesBuildPhase;
			buildActionMask = 2147483647;
			dstPath = "";
			dstSubfolderSpec = 10;
			files = (
				707EED371E03ED8800083BEF /* Cusp.framework in Embed Frameworks */,
			);
			name = "Embed Frameworks";
			runOnlyForDeploymentPostprocessing = 0;
		};
/* End PBXCopyFilesBuildPhase section */

/* Begin PBXFileReference section */
		70283F691E0D0C1B00EC3615 /* DemoMainTableViewController.swift */ = {isa = PBXFileReference; fileEncoding = 4; lastKnownFileType = sourcecode.swift; path = DemoMainTableViewController.swift; sourceTree = "<group>"; };
		70283F6B1E0D0F2400EC3615 /* BackgroundScanViewController.swift */ = {isa = PBXFileReference; fileEncoding = 4; lastKnownFileType = sourcecode.swift; path = BackgroundScanViewController.swift; sourceTree = "<group>"; };
		702DE7DC1DF935EF00CC52A8 /* CuspDemo.app */ = {isa = PBXFileReference; explicitFileType = wrapper.application; includeInIndex = 0; path = CuspDemo.app; sourceTree = BUILT_PRODUCTS_DIR; };
		702DE7DE1DF935EF00CC52A8 /* AppDelegate.swift */ = {isa = PBXFileReference; lastKnownFileType = sourcecode.swift; path = AppDelegate.swift; sourceTree = "<group>"; };
		702DE7E01DF935EF00CC52A8 /* ViewController.swift */ = {isa = PBXFileReference; lastKnownFileType = sourcecode.swift; path = ViewController.swift; sourceTree = "<group>"; };
		702DE7E31DF935EF00CC52A8 /* Base */ = {isa = PBXFileReference; lastKnownFileType = file.storyboard; name = Base; path = Base.lproj/Main.storyboard; sourceTree = "<group>"; };
		702DE7E51DF935EF00CC52A8 /* Assets.xcassets */ = {isa = PBXFileReference; lastKnownFileType = folder.assetcatalog; path = Assets.xcassets; sourceTree = "<group>"; };
		702DE7E81DF935EF00CC52A8 /* Base */ = {isa = PBXFileReference; lastKnownFileType = file.storyboard; name = Base; path = Base.lproj/LaunchScreen.storyboard; sourceTree = "<group>"; };
		702DE7EA1DF935EF00CC52A8 /* Info.plist */ = {isa = PBXFileReference; lastKnownFileType = text.plist.xml; path = Info.plist; sourceTree = "<group>"; };
		702DE7EF1DF935EF00CC52A8 /* CuspDemoTests.xctest */ = {isa = PBXFileReference; explicitFileType = wrapper.cfbundle; includeInIndex = 0; path = CuspDemoTests.xctest; sourceTree = BUILT_PRODUCTS_DIR; };
		702DE7F31DF935EF00CC52A8 /* CuspDemoTests.swift */ = {isa = PBXFileReference; lastKnownFileType = sourcecode.swift; path = CuspDemoTests.swift; sourceTree = "<group>"; };
		702DE7F51DF935F000CC52A8 /* Info.plist */ = {isa = PBXFileReference; lastKnownFileType = text.plist.xml; path = Info.plist; sourceTree = "<group>"; };
		7041B0D81E1396D5008B35B8 /* DescriptorViewController.swift */ = {isa = PBXFileReference; fileEncoding = 4; lastKnownFileType = sourcecode.swift; path = DescriptorViewController.swift; sourceTree = "<group>"; };
		706208301E2CBB80008B3981 /* CuspPeripheral.swift */ = {isa = PBXFileReference; fileEncoding = 4; lastKnownFileType = sourcecode.swift; path = CuspPeripheral.swift; sourceTree = "<group>"; };
		707EED3B1E03FF9D00083BEF /* GATT.swift */ = {isa = PBXFileReference; fileEncoding = 4; lastKnownFileType = sourcecode.swift; path = GATT.swift; sourceTree = "<group>"; };
		708A12DC1E2C708E0064126E /* CuspCentral.swift */ = {isa = PBXFileReference; fileEncoding = 4; lastKnownFileType = sourcecode.swift; path = CuspCentral.swift; sourceTree = "<group>"; };
		708A12DE1E2C76980064126E /* ScanTableViewController.swift */ = {isa = PBXFileReference; fileEncoding = 4; lastKnownFileType = sourcecode.swift; path = ScanTableViewController.swift; sourceTree = "<group>"; };
		70AD570E1D8A8E59003042F4 /* Cusp.framework */ = {isa = PBXFileReference; explicitFileType = wrapper.framework; includeInIndex = 0; path = Cusp.framework; sourceTree = BUILT_PRODUCTS_DIR; };
		70AD57111D8A8E59003042F4 /* Cusp.h */ = {isa = PBXFileReference; lastKnownFileType = sourcecode.c.h; path = Cusp.h; sourceTree = "<group>"; };
		70AD57121D8A8E59003042F4 /* Info.plist */ = {isa = PBXFileReference; lastKnownFileType = text.plist.xml; path = Info.plist; sourceTree = "<group>"; };
		70AD57171D8A8E59003042F4 /* CuspTests.xctest */ = {isa = PBXFileReference; explicitFileType = wrapper.cfbundle; includeInIndex = 0; path = CuspTests.xctest; sourceTree = BUILT_PRODUCTS_DIR; };
		70AD571C1D8A8E59003042F4 /* CuspTests.swift */ = {isa = PBXFileReference; lastKnownFileType = sourcecode.swift; path = CuspTests.swift; sourceTree = "<group>"; };
		70AD571E1D8A8E59003042F4 /* Info.plist */ = {isa = PBXFileReference; lastKnownFileType = text.plist.xml; path = Info.plist; sourceTree = "<group>"; };
		70AD572A1D8A8F41003042F4 /* Advertisement.swift */ = {isa = PBXFileReference; fileEncoding = 4; lastKnownFileType = sourcecode.swift; path = Advertisement.swift; sourceTree = "<group>"; };
		70AD572B1D8A8F41003042F4 /* CancelConnect.swift */ = {isa = PBXFileReference; fileEncoding = 4; lastKnownFileType = sourcecode.swift; path = CancelConnect.swift; sourceTree = "<group>"; };
		70AD572C1D8A8F41003042F4 /* CentralManagerDelegate.swift */ = {isa = PBXFileReference; fileEncoding = 4; lastKnownFileType = sourcecode.swift; path = CentralManagerDelegate.swift; sourceTree = "<group>"; };
		70AD572D1D8A8F41003042F4 /* Connect.swift */ = {isa = PBXFileReference; fileEncoding = 4; lastKnownFileType = sourcecode.swift; path = Connect.swift; sourceTree = "<group>"; };
		70AD572E1D8A8F41003042F4 /* Cusp.swift */ = {isa = PBXFileReference; fileEncoding = 4; lastKnownFileType = sourcecode.swift; path = Cusp.swift; sourceTree = "<group>"; };
		70AD572F1D8A8F41003042F4 /* CuspSession.swift */ = {isa = PBXFileReference; fileEncoding = 4; lastKnownFileType = sourcecode.swift; path = CuspSession.swift; sourceTree = "<group>"; };
		70AD57301D8A8F41003042F4 /* Disconnect.swift */ = {isa = PBXFileReference; fileEncoding = 4; lastKnownFileType = sourcecode.swift; path = Disconnect.swift; sourceTree = "<group>"; };
		70AD57311D8A8F41003042F4 /* Discover.swift */ = {isa = PBXFileReference; fileEncoding = 4; lastKnownFileType = sourcecode.swift; path = Discover.swift; sourceTree = "<group>"; };
		70AD57321D8A8F41003042F4 /* Error.swift */ = {isa = PBXFileReference; fileEncoding = 4; lastKnownFileType = sourcecode.swift; path = Error.swift; sourceTree = "<group>"; };
		70AD57331D8A8F41003042F4 /* Extensions.swift */ = {isa = PBXFileReference; fileEncoding = 4; lastKnownFileType = sourcecode.swift; path = Extensions.swift; sourceTree = "<group>"; };
		70AD57341D8A8F41003042F4 /* Peripheral.swift */ = {isa = PBXFileReference; fileEncoding = 4; lastKnownFileType = sourcecode.swift; path = Peripheral.swift; sourceTree = "<group>"; };
		70AD57351D8A8F41003042F4 /* PeripheralDelegate.swift */ = {isa = PBXFileReference; fileEncoding = 4; lastKnownFileType = sourcecode.swift; path = PeripheralDelegate.swift; sourceTree = "<group>"; };
		70AD57361D8A8F41003042F4 /* Read.swift */ = {isa = PBXFileReference; fileEncoding = 4; lastKnownFileType = sourcecode.swift; path = Read.swift; sourceTree = "<group>"; };
		70AD57371D8A8F41003042F4 /* Request.swift */ = {isa = PBXFileReference; fileEncoding = 4; lastKnownFileType = sourcecode.swift; path = Request.swift; sourceTree = "<group>"; };
		70AD57381D8A8F41003042F4 /* Response.swift */ = {isa = PBXFileReference; fileEncoding = 4; lastKnownFileType = sourcecode.swift; path = Response.swift; sourceTree = "<group>"; };
		70AD57391D8A8F41003042F4 /* RSSI.swift */ = {isa = PBXFileReference; fileEncoding = 4; lastKnownFileType = sourcecode.swift; path = RSSI.swift; sourceTree = "<group>"; };
		70AD573A1D8A8F41003042F4 /* Scan.swift */ = {isa = PBXFileReference; fileEncoding = 4; lastKnownFileType = sourcecode.swift; path = Scan.swift; sourceTree = "<group>"; };
		70AD573B1D8A8F41003042F4 /* State.swift */ = {isa = PBXFileReference; fileEncoding = 4; lastKnownFileType = sourcecode.swift; path = State.swift; sourceTree = "<group>"; };
		70AD573C1D8A8F41003042F4 /* Subscribe.swift */ = {isa = PBXFileReference; fileEncoding = 4; lastKnownFileType = sourcecode.swift; path = Subscribe.swift; sourceTree = "<group>"; };
		70AD573D1D8A8F41003042F4 /* Subscription.swift */ = {isa = PBXFileReference; fileEncoding = 4; lastKnownFileType = sourcecode.swift; path = Subscription.swift; sourceTree = "<group>"; };
		70AD573E1D8A8F41003042F4 /* Unsubscribe.swift */ = {isa = PBXFileReference; fileEncoding = 4; lastKnownFileType = sourcecode.swift; path = Unsubscribe.swift; sourceTree = "<group>"; };
		70AD573F1D8A8F41003042F4 /* Write.swift */ = {isa = PBXFileReference; fileEncoding = 4; lastKnownFileType = sourcecode.swift; path = Write.swift; sourceTree = "<group>"; };
/* End PBXFileReference section */

/* Begin PBXFrameworksBuildPhase section */
		702DE7D91DF935EF00CC52A8 /* Frameworks */ = {
			isa = PBXFrameworksBuildPhase;
			buildActionMask = 2147483647;
			files = (
				707EED361E03ED8800083BEF /* Cusp.framework in Frameworks */,
			);
			runOnlyForDeploymentPostprocessing = 0;
		};
		702DE7EC1DF935EF00CC52A8 /* Frameworks */ = {
			isa = PBXFrameworksBuildPhase;
			buildActionMask = 2147483647;
			files = (
			);
			runOnlyForDeploymentPostprocessing = 0;
		};
		70AD570A1D8A8E59003042F4 /* Frameworks */ = {
			isa = PBXFrameworksBuildPhase;
			buildActionMask = 2147483647;
			files = (
			);
			runOnlyForDeploymentPostprocessing = 0;
		};
		70AD57141D8A8E59003042F4 /* Frameworks */ = {
			isa = PBXFrameworksBuildPhase;
			buildActionMask = 2147483647;
			files = (
				70AD57181D8A8E59003042F4 /* Cusp.framework in Frameworks */,
			);
			runOnlyForDeploymentPostprocessing = 0;
		};
/* End PBXFrameworksBuildPhase section */

/* Begin PBXGroup section */
		702DE7DD1DF935EF00CC52A8 /* CuspDemo */ = {
			isa = PBXGroup;
			children = (
				702DE7DE1DF935EF00CC52A8 /* AppDelegate.swift */,
				702DE7E01DF935EF00CC52A8 /* ViewController.swift */,
				70283F691E0D0C1B00EC3615 /* DemoMainTableViewController.swift */,
				708A12DE1E2C76980064126E /* ScanTableViewController.swift */,
				70283F6B1E0D0F2400EC3615 /* BackgroundScanViewController.swift */,
				7041B0D81E1396D5008B35B8 /* DescriptorViewController.swift */,
				702DE7E21DF935EF00CC52A8 /* Main.storyboard */,
				702DE7E51DF935EF00CC52A8 /* Assets.xcassets */,
				702DE7E71DF935EF00CC52A8 /* LaunchScreen.storyboard */,
				702DE7EA1DF935EF00CC52A8 /* Info.plist */,
			);
			path = CuspDemo;
			sourceTree = "<group>";
		};
		702DE7F21DF935EF00CC52A8 /* CuspDemoTests */ = {
			isa = PBXGroup;
			children = (
				702DE7F31DF935EF00CC52A8 /* CuspDemoTests.swift */,
				702DE7F51DF935F000CC52A8 /* Info.plist */,
			);
			path = CuspDemoTests;
			sourceTree = "<group>";
		};
		706978C71DFB0F65003A845E /* delegate */ = {
			isa = PBXGroup;
			children = (
				70AD572C1D8A8F41003042F4 /* CentralManagerDelegate.swift */,
				70AD57351D8A8F41003042F4 /* PeripheralDelegate.swift */,
			);
			name = delegate;
			sourceTree = "<group>";
		};
		706978C81DFB107C003A845E /* scan */ = {
			isa = PBXGroup;
			children = (
				70AD572A1D8A8F41003042F4 /* Advertisement.swift */,
				70AD573A1D8A8F41003042F4 /* Scan.swift */,
			);
			name = scan;
			sourceTree = "<group>";
		};
		706978C91DFB10AD003A845E /* subscription */ = {
			isa = PBXGroup;
			children = (
				70AD573C1D8A8F41003042F4 /* Subscribe.swift */,
				70AD573D1D8A8F41003042F4 /* Subscription.swift */,
				70AD573E1D8A8F41003042F4 /* Unsubscribe.swift */,
			);
			name = subscription;
			sourceTree = "<group>";
		};
		706978CA1DFB10CF003A845E /* write */ = {
			isa = PBXGroup;
			children = (
				70AD573F1D8A8F41003042F4 /* Write.swift */,
			);
			name = write;
			sourceTree = "<group>";
		};
		706978CB1DFB10D7003A845E /* read */ = {
			isa = PBXGroup;
			children = (
				70AD57391D8A8F41003042F4 /* RSSI.swift */,
				70AD57361D8A8F41003042F4 /* Read.swift */,
			);
			name = read;
			sourceTree = "<group>";
		};
		706978CC1DFB10E7003A845E /* discover */ = {
			isa = PBXGroup;
			children = (
				70AD57311D8A8F41003042F4 /* Discover.swift */,
			);
			name = discover;
			sourceTree = "<group>";
		};
		706978CD1DFB1105003A845E /* connection */ = {
			isa = PBXGroup;
			children = (
				70AD572B1D8A8F41003042F4 /* CancelConnect.swift */,
				70AD572D1D8A8F41003042F4 /* Connect.swift */,
				70AD57301D8A8F41003042F4 /* Disconnect.swift */,
				70AD572F1D8A8F41003042F4 /* CuspSession.swift */,
			);
			name = connection;
			sourceTree = "<group>";
		};
		706978CE1DFB1156003A845E /* core */ = {
			isa = PBXGroup;
			children = (
				70AD57321D8A8F41003042F4 /* Error.swift */,
				70AD572E1D8A8F41003042F4 /* Cusp.swift */,
				708A12DC1E2C708E0064126E /* CuspCentral.swift */,
				706208301E2CBB80008B3981 /* CuspPeripheral.swift */,
				70AD57341D8A8F41003042F4 /* Peripheral.swift */,
				70AD57371D8A8F41003042F4 /* Request.swift */,
				70AD57381D8A8F41003042F4 /* Response.swift */,
				70AD573B1D8A8F41003042F4 /* State.swift */,
				707EED3B1E03FF9D00083BEF /* GATT.swift */,
			);
			name = core;
			sourceTree = "<group>";
		};
		706978CF1DFB1165003A845E /* extension */ = {
			isa = PBXGroup;
			children = (
				70AD57331D8A8F41003042F4 /* Extensions.swift */,
			);
			name = extension;
			sourceTree = "<group>";
		};
		70AD57041D8A8E59003042F4 = {
			isa = PBXGroup;
			children = (
				70AD57101D8A8E59003042F4 /* Cusp */,
				70AD571B1D8A8E59003042F4 /* CuspTests */,
				702DE7DD1DF935EF00CC52A8 /* CuspDemo */,
				702DE7F21DF935EF00CC52A8 /* CuspDemoTests */,
				70AD570F1D8A8E59003042F4 /* Products */,
			);
			sourceTree = "<group>";
		};
		70AD570F1D8A8E59003042F4 /* Products */ = {
			isa = PBXGroup;
			children = (
				70AD570E1D8A8E59003042F4 /* Cusp.framework */,
				70AD57171D8A8E59003042F4 /* CuspTests.xctest */,
				702DE7DC1DF935EF00CC52A8 /* CuspDemo.app */,
				702DE7EF1DF935EF00CC52A8 /* CuspDemoTests.xctest */,
			);
			name = Products;
			sourceTree = "<group>";
		};
		70AD57101D8A8E59003042F4 /* Cusp */ = {
			isa = PBXGroup;
			children = (
				70AD57291D8A8F41003042F4 /* Sources */,
				70AD57111D8A8E59003042F4 /* Cusp.h */,
				70AD57121D8A8E59003042F4 /* Info.plist */,
			);
			path = Cusp;
			sourceTree = "<group>";
		};
		70AD571B1D8A8E59003042F4 /* CuspTests */ = {
			isa = PBXGroup;
			children = (
				70AD571C1D8A8E59003042F4 /* CuspTests.swift */,
				70AD571E1D8A8E59003042F4 /* Info.plist */,
			);
			path = CuspTests;
			sourceTree = "<group>";
		};
		70AD57291D8A8F41003042F4 /* Sources */ = {
			isa = PBXGroup;
			children = (
				706978CD1DFB1105003A845E /* connection */,
				706978C71DFB0F65003A845E /* delegate */,
				706978CE1DFB1156003A845E /* core */,
				706978CC1DFB10E7003A845E /* discover */,
				706978CF1DFB1165003A845E /* extension */,
				706978CB1DFB10D7003A845E /* read */,
				706978C81DFB107C003A845E /* scan */,
				706978C91DFB10AD003A845E /* subscription */,
				706978CA1DFB10CF003A845E /* write */,
			);
			path = Sources;
			sourceTree = "<group>";
		};
/* End PBXGroup section */

/* Begin PBXHeadersBuildPhase section */
		70AD570B1D8A8E59003042F4 /* Headers */ = {
			isa = PBXHeadersBuildPhase;
			buildActionMask = 2147483647;
			files = (
				70AD571F1D8A8E59003042F4 /* Cusp.h in Headers */,
			);
			runOnlyForDeploymentPostprocessing = 0;
		};
/* End PBXHeadersBuildPhase section */

/* Begin PBXNativeTarget section */
		702DE7DB1DF935EF00CC52A8 /* CuspDemo */ = {
			isa = PBXNativeTarget;
			buildConfigurationList = 702DE7FA1DF935F000CC52A8 /* Build configuration list for PBXNativeTarget "CuspDemo" */;
			buildPhases = (
				702DE7D81DF935EF00CC52A8 /* Sources */,
				702DE7D91DF935EF00CC52A8 /* Frameworks */,
				702DE7DA1DF935EF00CC52A8 /* Resources */,
				707EED3A1E03ED8800083BEF /* Embed Frameworks */,
			);
			buildRules = (
			);
			dependencies = (
				707EED391E03ED8800083BEF /* PBXTargetDependency */,
			);
			name = CuspDemo;
			productName = CuspDemo;
			productReference = 702DE7DC1DF935EF00CC52A8 /* CuspDemo.app */;
			productType = "com.apple.product-type.application";
		};
		702DE7EE1DF935EF00CC52A8 /* CuspDemoTests */ = {
			isa = PBXNativeTarget;
			buildConfigurationList = 702DE7FB1DF935F000CC52A8 /* Build configuration list for PBXNativeTarget "CuspDemoTests" */;
			buildPhases = (
				702DE7EB1DF935EF00CC52A8 /* Sources */,
				702DE7EC1DF935EF00CC52A8 /* Frameworks */,
				702DE7ED1DF935EF00CC52A8 /* Resources */,
			);
			buildRules = (
			);
			dependencies = (
				702DE7F11DF935EF00CC52A8 /* PBXTargetDependency */,
			);
			name = CuspDemoTests;
			productName = CuspDemoTests;
			productReference = 702DE7EF1DF935EF00CC52A8 /* CuspDemoTests.xctest */;
			productType = "com.apple.product-type.bundle.unit-test";
		};
		70AD570D1D8A8E59003042F4 /* Cusp */ = {
			isa = PBXNativeTarget;
			buildConfigurationList = 70AD57221D8A8E59003042F4 /* Build configuration list for PBXNativeTarget "Cusp" */;
			buildPhases = (
				70AD57091D8A8E59003042F4 /* Sources */,
				70AD570A1D8A8E59003042F4 /* Frameworks */,
				70AD570B1D8A8E59003042F4 /* Headers */,
				70AD570C1D8A8E59003042F4 /* Resources */,
				70AD57281D8A8F2D003042F4 /* ShellScript */,
			);
			buildRules = (
			);
			dependencies = (
			);
			name = Cusp;
			productName = Cusp;
			productReference = 70AD570E1D8A8E59003042F4 /* Cusp.framework */;
			productType = "com.apple.product-type.framework";
		};
		70AD57161D8A8E59003042F4 /* CuspTests */ = {
			isa = PBXNativeTarget;
			buildConfigurationList = 70AD57251D8A8E59003042F4 /* Build configuration list for PBXNativeTarget "CuspTests" */;
			buildPhases = (
				70AD57131D8A8E59003042F4 /* Sources */,
				70AD57141D8A8E59003042F4 /* Frameworks */,
				70AD57151D8A8E59003042F4 /* Resources */,
			);
			buildRules = (
			);
			dependencies = (
				70AD571A1D8A8E59003042F4 /* PBXTargetDependency */,
			);
			name = CuspTests;
			productName = CuspTests;
			productReference = 70AD57171D8A8E59003042F4 /* CuspTests.xctest */;
			productType = "com.apple.product-type.bundle.unit-test";
		};
/* End PBXNativeTarget section */

/* Begin PBXProject section */
		70AD57051D8A8E59003042F4 /* Project object */ = {
			isa = PBXProject;
			attributes = {
				LastSwiftUpdateCheck = 0810;
				LastUpgradeCheck = 0820;
				ORGANIZATIONNAME = com.keyofvv;
				TargetAttributes = {
					702DE7DB1DF935EF00CC52A8 = {
						CreatedOnToolsVersion = 8.1;
						DevelopmentTeam = 6YEF27W7HZ;
						ProvisioningStyle = Automatic;
					};
					702DE7EE1DF935EF00CC52A8 = {
						CreatedOnToolsVersion = 8.1;
						DevelopmentTeam = JQH3D93TFY;
						ProvisioningStyle = Automatic;
						TestTargetID = 702DE7DB1DF935EF00CC52A8;
					};
					70AD570D1D8A8E59003042F4 = {
						CreatedOnToolsVersion = 8.0;
						ProvisioningStyle = Automatic;
					};
					70AD57161D8A8E59003042F4 = {
						CreatedOnToolsVersion = 8.0;
						ProvisioningStyle = Automatic;
					};
				};
			};
			buildConfigurationList = 70AD57081D8A8E59003042F4 /* Build configuration list for PBXProject "Cusp" */;
			compatibilityVersion = "Xcode 3.2";
			developmentRegion = English;
			hasScannedForEncodings = 0;
			knownRegions = (
				en,
				Base,
			);
			mainGroup = 70AD57041D8A8E59003042F4;
			productRefGroup = 70AD570F1D8A8E59003042F4 /* Products */;
			projectDirPath = "";
			projectRoot = "";
			targets = (
				70AD570D1D8A8E59003042F4 /* Cusp */,
				70AD57161D8A8E59003042F4 /* CuspTests */,
				702DE7DB1DF935EF00CC52A8 /* CuspDemo */,
				702DE7EE1DF935EF00CC52A8 /* CuspDemoTests */,
			);
		};
/* End PBXProject section */

/* Begin PBXResourcesBuildPhase section */
		702DE7DA1DF935EF00CC52A8 /* Resources */ = {
			isa = PBXResourcesBuildPhase;
			buildActionMask = 2147483647;
			files = (
				702DE7E91DF935EF00CC52A8 /* LaunchScreen.storyboard in Resources */,
				702DE7E61DF935EF00CC52A8 /* Assets.xcassets in Resources */,
				702DE7E41DF935EF00CC52A8 /* Main.storyboard in Resources */,
			);
			runOnlyForDeploymentPostprocessing = 0;
		};
		702DE7ED1DF935EF00CC52A8 /* Resources */ = {
			isa = PBXResourcesBuildPhase;
			buildActionMask = 2147483647;
			files = (
			);
			runOnlyForDeploymentPostprocessing = 0;
		};
		70AD570C1D8A8E59003042F4 /* Resources */ = {
			isa = PBXResourcesBuildPhase;
			buildActionMask = 2147483647;
			files = (
			);
			runOnlyForDeploymentPostprocessing = 0;
		};
		70AD57151D8A8E59003042F4 /* Resources */ = {
			isa = PBXResourcesBuildPhase;
			buildActionMask = 2147483647;
			files = (
			);
			runOnlyForDeploymentPostprocessing = 0;
		};
/* End PBXResourcesBuildPhase section */

/* Begin PBXShellScriptBuildPhase section */
		70AD57281D8A8F2D003042F4 /* ShellScript */ = {
			isa = PBXShellScriptBuildPhase;
			buildActionMask = 2147483647;
			files = (
			);
			inputPaths = (
			);
			outputPaths = (
			);
			runOnlyForDeploymentPostprocessing = 0;
			shellPath = /bin/bash;
			shellScript = "#buildNumber=$(/usr/libexec/PlistBuddy -c \"Print CFBundleVersion\" \"$INFOPLIST_FILE\")\n#buildNumber=$(($buildNumber + 1))\n#/usr/libexec/PlistBuddy -c \"Set :CFBundleVersion $buildNumber\" \"$INFOPLIST_FILE\"";
		};
/* End PBXShellScriptBuildPhase section */

/* Begin PBXSourcesBuildPhase section */
		702DE7D81DF935EF00CC52A8 /* Sources */ = {
			isa = PBXSourcesBuildPhase;
			buildActionMask = 2147483647;
			files = (
				70283F6A1E0D0C1B00EC3615 /* DemoMainTableViewController.swift in Sources */,
				7041B0D91E1396D5008B35B8 /* DescriptorViewController.swift in Sources */,
				708A12DF1E2C76980064126E /* ScanTableViewController.swift in Sources */,
				70283F6C1E0D0F2400EC3615 /* BackgroundScanViewController.swift in Sources */,
				702DE7E11DF935EF00CC52A8 /* ViewController.swift in Sources */,
				702DE7DF1DF935EF00CC52A8 /* AppDelegate.swift in Sources */,
			);
			runOnlyForDeploymentPostprocessing = 0;
		};
		702DE7EB1DF935EF00CC52A8 /* Sources */ = {
			isa = PBXSourcesBuildPhase;
			buildActionMask = 2147483647;
			files = (
				702DE7F41DF935F000CC52A8 /* CuspDemoTests.swift in Sources */,
			);
			runOnlyForDeploymentPostprocessing = 0;
		};
		70AD57091D8A8E59003042F4 /* Sources */ = {
			isa = PBXSourcesBuildPhase;
			buildActionMask = 2147483647;
			files = (
				70AD57471D8A8F41003042F4 /* Discover.swift in Sources */,
				707EED3C1E03FF9D00083BEF /* GATT.swift in Sources */,
				70AD57541D8A8F41003042F4 /* Unsubscribe.swift in Sources */,
				70AD57501D8A8F41003042F4 /* Scan.swift in Sources */,
				70AD574A1D8A8F41003042F4 /* Peripheral.swift in Sources */,
				70AD57421D8A8F41003042F4 /* CentralManagerDelegate.swift in Sources */,
				70AD57451D8A8F41003042F4 /* CuspSession.swift in Sources */,
				70AD57511D8A8F41003042F4 /* State.swift in Sources */,
				708A12DD1E2C708E0064126E /* CuspCentral.swift in Sources */,
				706208311E2CBB80008B3981 /* CuspPeripheral.swift in Sources */,
				70AD57551D8A8F41003042F4 /* Write.swift in Sources */,
				70AD574E1D8A8F41003042F4 /* Response.swift in Sources */,
				70AD57461D8A8F41003042F4 /* Disconnect.swift in Sources */,
				70AD574F1D8A8F41003042F4 /* RSSI.swift in Sources */,
				70AD57411D8A8F41003042F4 /* CancelConnect.swift in Sources */,
				70AD574B1D8A8F41003042F4 /* PeripheralDelegate.swift in Sources */,
				70AD57491D8A8F41003042F4 /* Extensions.swift in Sources */,
				70AD57431D8A8F41003042F4 /* Connect.swift in Sources */,
				70AD57401D8A8F41003042F4 /* Advertisement.swift in Sources */,
				70AD57531D8A8F41003042F4 /* Subscription.swift in Sources */,
				70AD57521D8A8F41003042F4 /* Subscribe.swift in Sources */,
				70AD574C1D8A8F41003042F4 /* Read.swift in Sources */,
				70AD574D1D8A8F41003042F4 /* Request.swift in Sources */,
				70AD57481D8A8F41003042F4 /* Error.swift in Sources */,
				70AD57441D8A8F41003042F4 /* Cusp.swift in Sources */,
			);
			runOnlyForDeploymentPostprocessing = 0;
		};
		70AD57131D8A8E59003042F4 /* Sources */ = {
			isa = PBXSourcesBuildPhase;
			buildActionMask = 2147483647;
			files = (
				70AD571D1D8A8E59003042F4 /* CuspTests.swift in Sources */,
			);
			runOnlyForDeploymentPostprocessing = 0;
		};
/* End PBXSourcesBuildPhase section */

/* Begin PBXTargetDependency section */
		702DE7F11DF935EF00CC52A8 /* PBXTargetDependency */ = {
			isa = PBXTargetDependency;
			target = 702DE7DB1DF935EF00CC52A8 /* CuspDemo */;
			targetProxy = 702DE7F01DF935EF00CC52A8 /* PBXContainerItemProxy */;
		};
		707EED391E03ED8800083BEF /* PBXTargetDependency */ = {
			isa = PBXTargetDependency;
			target = 70AD570D1D8A8E59003042F4 /* Cusp */;
			targetProxy = 707EED381E03ED8800083BEF /* PBXContainerItemProxy */;
		};
		70AD571A1D8A8E59003042F4 /* PBXTargetDependency */ = {
			isa = PBXTargetDependency;
			target = 70AD570D1D8A8E59003042F4 /* Cusp */;
			targetProxy = 70AD57191D8A8E59003042F4 /* PBXContainerItemProxy */;
		};
/* End PBXTargetDependency section */

/* Begin PBXVariantGroup section */
		702DE7E21DF935EF00CC52A8 /* Main.storyboard */ = {
			isa = PBXVariantGroup;
			children = (
				702DE7E31DF935EF00CC52A8 /* Base */,
			);
			name = Main.storyboard;
			sourceTree = "<group>";
		};
		702DE7E71DF935EF00CC52A8 /* LaunchScreen.storyboard */ = {
			isa = PBXVariantGroup;
			children = (
				702DE7E81DF935EF00CC52A8 /* Base */,
			);
			name = LaunchScreen.storyboard;
			sourceTree = "<group>";
		};
/* End PBXVariantGroup section */

/* Begin XCBuildConfiguration section */
		702DE7F61DF935F000CC52A8 /* Debug */ = {
			isa = XCBuildConfiguration;
			buildSettings = {
				ALWAYS_EMBED_SWIFT_STANDARD_LIBRARIES = YES;
				ASSETCATALOG_COMPILER_APPICON_NAME = AppIcon;
				DEVELOPMENT_TEAM = 6YEF27W7HZ;
				INFOPLIST_FILE = CuspDemo/Info.plist;
				IPHONEOS_DEPLOYMENT_TARGET = 10.1;
				LD_RUNPATH_SEARCH_PATHS = "$(inherited) @executable_path/Frameworks";
				PRODUCT_BUNDLE_IDENTIFIER = com.keyofvv.CuspDemo;
				PRODUCT_NAME = "$(TARGET_NAME)";
				SWIFT_VERSION = 3.0;
			};
			name = Debug;
		};
		702DE7F71DF935F000CC52A8 /* Release */ = {
			isa = XCBuildConfiguration;
			buildSettings = {
				ALWAYS_EMBED_SWIFT_STANDARD_LIBRARIES = YES;
				ASSETCATALOG_COMPILER_APPICON_NAME = AppIcon;
				DEVELOPMENT_TEAM = 6YEF27W7HZ;
				INFOPLIST_FILE = CuspDemo/Info.plist;
				IPHONEOS_DEPLOYMENT_TARGET = 10.1;
				LD_RUNPATH_SEARCH_PATHS = "$(inherited) @executable_path/Frameworks";
				PRODUCT_BUNDLE_IDENTIFIER = com.keyofvv.CuspDemo;
				PRODUCT_NAME = "$(TARGET_NAME)";
				SWIFT_VERSION = 3.0;
			};
			name = Release;
		};
		702DE7F81DF935F000CC52A8 /* Debug */ = {
			isa = XCBuildConfiguration;
			buildSettings = {
				ALWAYS_EMBED_SWIFT_STANDARD_LIBRARIES = YES;
				BUNDLE_LOADER = "$(TEST_HOST)";
				DEVELOPMENT_TEAM = JQH3D93TFY;
				INFOPLIST_FILE = CuspDemoTests/Info.plist;
				IPHONEOS_DEPLOYMENT_TARGET = 10.1;
				LD_RUNPATH_SEARCH_PATHS = "$(inherited) @executable_path/Frameworks @loader_path/Frameworks";
				PRODUCT_BUNDLE_IDENTIFIER = com.keyofvv.CuspDemoTests;
				PRODUCT_NAME = "$(TARGET_NAME)";
				SWIFT_VERSION = 3.0;
				TEST_HOST = "$(BUILT_PRODUCTS_DIR)/CuspDemo.app/CuspDemo";
			};
			name = Debug;
		};
		702DE7F91DF935F000CC52A8 /* Release */ = {
			isa = XCBuildConfiguration;
			buildSettings = {
				ALWAYS_EMBED_SWIFT_STANDARD_LIBRARIES = YES;
				BUNDLE_LOADER = "$(TEST_HOST)";
				DEVELOPMENT_TEAM = JQH3D93TFY;
				INFOPLIST_FILE = CuspDemoTests/Info.plist;
				IPHONEOS_DEPLOYMENT_TARGET = 10.1;
				LD_RUNPATH_SEARCH_PATHS = "$(inherited) @executable_path/Frameworks @loader_path/Frameworks";
				PRODUCT_BUNDLE_IDENTIFIER = com.keyofvv.CuspDemoTests;
				PRODUCT_NAME = "$(TARGET_NAME)";
				SWIFT_VERSION = 3.0;
				TEST_HOST = "$(BUILT_PRODUCTS_DIR)/CuspDemo.app/CuspDemo";
			};
			name = Release;
		};
		70AD57201D8A8E59003042F4 /* Debug */ = {
			isa = XCBuildConfiguration;
			buildSettings = {
				ALWAYS_SEARCH_USER_PATHS = NO;
				CLANG_ANALYZER_NONNULL = YES;
				CLANG_CXX_LANGUAGE_STANDARD = "gnu++0x";
				CLANG_CXX_LIBRARY = "libc++";
				CLANG_ENABLE_MODULES = YES;
				CLANG_ENABLE_OBJC_ARC = YES;
				CLANG_WARN_BOOL_CONVERSION = YES;
				CLANG_WARN_CONSTANT_CONVERSION = YES;
				CLANG_WARN_DIRECT_OBJC_ISA_USAGE = YES_ERROR;
				CLANG_WARN_DOCUMENTATION_COMMENTS = YES;
				CLANG_WARN_EMPTY_BODY = YES;
				CLANG_WARN_ENUM_CONVERSION = YES;
				CLANG_WARN_INFINITE_RECURSION = YES;
				CLANG_WARN_INT_CONVERSION = YES;
				CLANG_WARN_OBJC_ROOT_CLASS = YES_ERROR;
				CLANG_WARN_SUSPICIOUS_MOVE = YES;
				CLANG_WARN_SUSPICIOUS_MOVES = YES;
				CLANG_WARN_UNREACHABLE_CODE = YES;
				CLANG_WARN__DUPLICATE_METHOD_MATCH = YES;
				"CODE_SIGN_IDENTITY[sdk=iphoneos*]" = "iPhone Developer";
				COPY_PHASE_STRIP = NO;
				CURRENT_PROJECT_VERSION = 1;
				DEBUG_INFORMATION_FORMAT = dwarf;
				ENABLE_STRICT_OBJC_MSGSEND = YES;
				ENABLE_TESTABILITY = YES;
				GCC_C_LANGUAGE_STANDARD = gnu99;
				GCC_DYNAMIC_NO_PIC = NO;
				GCC_NO_COMMON_BLOCKS = YES;
				GCC_OPTIMIZATION_LEVEL = 0;
				GCC_PREPROCESSOR_DEFINITIONS = (
					"DEBUG=1",
					"$(inherited)",
				);
				GCC_WARN_64_TO_32_BIT_CONVERSION = YES;
				GCC_WARN_ABOUT_RETURN_TYPE = YES_ERROR;
				GCC_WARN_UNDECLARED_SELECTOR = YES;
				GCC_WARN_UNINITIALIZED_AUTOS = YES_AGGRESSIVE;
				GCC_WARN_UNUSED_FUNCTION = YES;
				GCC_WARN_UNUSED_VARIABLE = YES;
				IPHONEOS_DEPLOYMENT_TARGET = 10.0;
				MTL_ENABLE_DEBUG_INFO = YES;
				ONLY_ACTIVE_ARCH = YES;
				SDKROOT = iphoneos;
				SWIFT_ACTIVE_COMPILATION_CONDITIONS = DEBUG;
				SWIFT_OPTIMIZATION_LEVEL = "-Onone";
				TARGETED_DEVICE_FAMILY = "1,2";
				VERSIONING_SYSTEM = "apple-generic";
				VERSION_INFO_PREFIX = "";
			};
			name = Debug;
		};
		70AD57211D8A8E59003042F4 /* Release */ = {
			isa = XCBuildConfiguration;
			buildSettings = {
				ALWAYS_SEARCH_USER_PATHS = NO;
				CLANG_ANALYZER_NONNULL = YES;
				CLANG_CXX_LANGUAGE_STANDARD = "gnu++0x";
				CLANG_CXX_LIBRARY = "libc++";
				CLANG_ENABLE_MODULES = YES;
				CLANG_ENABLE_OBJC_ARC = YES;
				CLANG_WARN_BOOL_CONVERSION = YES;
				CLANG_WARN_CONSTANT_CONVERSION = YES;
				CLANG_WARN_DIRECT_OBJC_ISA_USAGE = YES_ERROR;
				CLANG_WARN_DOCUMENTATION_COMMENTS = YES;
				CLANG_WARN_EMPTY_BODY = YES;
				CLANG_WARN_ENUM_CONVERSION = YES;
				CLANG_WARN_INFINITE_RECURSION = YES;
				CLANG_WARN_INT_CONVERSION = YES;
				CLANG_WARN_OBJC_ROOT_CLASS = YES_ERROR;
				CLANG_WARN_SUSPICIOUS_MOVE = YES;
				CLANG_WARN_SUSPICIOUS_MOVES = YES;
				CLANG_WARN_UNREACHABLE_CODE = YES;
				CLANG_WARN__DUPLICATE_METHOD_MATCH = YES;
				"CODE_SIGN_IDENTITY[sdk=iphoneos*]" = "iPhone Developer";
				COPY_PHASE_STRIP = NO;
				CURRENT_PROJECT_VERSION = 1;
				DEBUG_INFORMATION_FORMAT = "dwarf-with-dsym";
				ENABLE_NS_ASSERTIONS = NO;
				ENABLE_STRICT_OBJC_MSGSEND = YES;
				GCC_C_LANGUAGE_STANDARD = gnu99;
				GCC_NO_COMMON_BLOCKS = YES;
				GCC_WARN_64_TO_32_BIT_CONVERSION = YES;
				GCC_WARN_ABOUT_RETURN_TYPE = YES_ERROR;
				GCC_WARN_UNDECLARED_SELECTOR = YES;
				GCC_WARN_UNINITIALIZED_AUTOS = YES_AGGRESSIVE;
				GCC_WARN_UNUSED_FUNCTION = YES;
				GCC_WARN_UNUSED_VARIABLE = YES;
				IPHONEOS_DEPLOYMENT_TARGET = 10.0;
				MTL_ENABLE_DEBUG_INFO = NO;
				SDKROOT = iphoneos;
				SWIFT_OPTIMIZATION_LEVEL = "-Owholemodule";
				TARGETED_DEVICE_FAMILY = "1,2";
				VALIDATE_PRODUCT = YES;
				VERSIONING_SYSTEM = "apple-generic";
				VERSION_INFO_PREFIX = "";
			};
			name = Release;
		};
		70AD57231D8A8E59003042F4 /* Debug */ = {
			isa = XCBuildConfiguration;
			buildSettings = {
				CODE_SIGN_IDENTITY = "";
				"CODE_SIGN_IDENTITY[sdk=iphoneos*]" = "";
				DEFINES_MODULE = YES;
				DEVELOPMENT_TEAM = "";
				DYLIB_COMPATIBILITY_VERSION = 1;
				DYLIB_CURRENT_VERSION = 1;
				DYLIB_INSTALL_NAME_BASE = "@rpath";
				INFOPLIST_FILE = Cusp/Info.plist;
				INSTALL_PATH = "$(LOCAL_LIBRARY_DIR)/Frameworks";
				IPHONEOS_DEPLOYMENT_TARGET = 8.0;
				LD_RUNPATH_SEARCH_PATHS = "$(inherited) @executable_path/Frameworks @loader_path/Frameworks";
				PRODUCT_BUNDLE_IDENTIFIER = com.keyofvv.Cusp;
				PRODUCT_NAME = "$(TARGET_NAME)";
				SKIP_INSTALL = YES;
				SWIFT_VERSION = 3.0;
			};
			name = Debug;
		};
		70AD57241D8A8E59003042F4 /* Release */ = {
			isa = XCBuildConfiguration;
			buildSettings = {
				CODE_SIGN_IDENTITY = "";
				DEFINES_MODULE = YES;
				DEVELOPMENT_TEAM = "";
				DYLIB_COMPATIBILITY_VERSION = 1;
				DYLIB_CURRENT_VERSION = 1;
				DYLIB_INSTALL_NAME_BASE = "@rpath";
				INFOPLIST_FILE = Cusp/Info.plist;
				INSTALL_PATH = "$(LOCAL_LIBRARY_DIR)/Frameworks";
				IPHONEOS_DEPLOYMENT_TARGET = 8.0;
				LD_RUNPATH_SEARCH_PATHS = "$(inherited) @executable_path/Frameworks @loader_path/Frameworks";
				PRODUCT_BUNDLE_IDENTIFIER = com.keyofvv.Cusp;
				PRODUCT_NAME = "$(TARGET_NAME)";
				SKIP_INSTALL = YES;
				SWIFT_VERSION = 3.0;
			};
			name = Release;
		};
		70AD57261D8A8E59003042F4 /* Debug */ = {
			isa = XCBuildConfiguration;
			buildSettings = {
				ALWAYS_EMBED_SWIFT_STANDARD_LIBRARIES = YES;
				INFOPLIST_FILE = CuspTests/Info.plist;
				LD_RUNPATH_SEARCH_PATHS = "$(inherited) @executable_path/Frameworks @loader_path/Frameworks";
				PRODUCT_BUNDLE_IDENTIFIER = com.keyofvv.CuspTests;
				PRODUCT_NAME = "$(TARGET_NAME)";
				SWIFT_VERSION = 3.0;
			};
			name = Debug;
		};
		70AD57271D8A8E59003042F4 /* Release */ = {
			isa = XCBuildConfiguration;
			buildSettings = {
				ALWAYS_EMBED_SWIFT_STANDARD_LIBRARIES = YES;
				INFOPLIST_FILE = CuspTests/Info.plist;
				LD_RUNPATH_SEARCH_PATHS = "$(inherited) @executable_path/Frameworks @loader_path/Frameworks";
				PRODUCT_BUNDLE_IDENTIFIER = com.keyofvv.CuspTests;
				PRODUCT_NAME = "$(TARGET_NAME)";
				SWIFT_VERSION = 3.0;
			};
			name = Release;
		};
/* End XCBuildConfiguration section */

/* Begin XCConfigurationList section */
		702DE7FA1DF935F000CC52A8 /* Build configuration list for PBXNativeTarget "CuspDemo" */ = {
			isa = XCConfigurationList;
			buildConfigurations = (
				702DE7F61DF935F000CC52A8 /* Debug */,
				702DE7F71DF935F000CC52A8 /* Release */,
			);
			defaultConfigurationIsVisible = 0;
			defaultConfigurationName = Release;
		};
		702DE7FB1DF935F000CC52A8 /* Build configuration list for PBXNativeTarget "CuspDemoTests" */ = {
			isa = XCConfigurationList;
			buildConfigurations = (
				702DE7F81DF935F000CC52A8 /* Debug */,
				702DE7F91DF935F000CC52A8 /* Release */,
			);
			defaultConfigurationIsVisible = 0;
			defaultConfigurationName = Release;
		};
		70AD57081D8A8E59003042F4 /* Build configuration list for PBXProject "Cusp" */ = {
			isa = XCConfigurationList;
			buildConfigurations = (
				70AD57201D8A8E59003042F4 /* Debug */,
				70AD57211D8A8E59003042F4 /* Release */,
			);
			defaultConfigurationIsVisible = 0;
			defaultConfigurationName = Release;
		};
		70AD57221D8A8E59003042F4 /* Build configuration list for PBXNativeTarget "Cusp" */ = {
			isa = XCConfigurationList;
			buildConfigurations = (
				70AD57231D8A8E59003042F4 /* Debug */,
				70AD57241D8A8E59003042F4 /* Release */,
			);
			defaultConfigurationIsVisible = 0;
			defaultConfigurationName = Release;
		};
		70AD57251D8A8E59003042F4 /* Build configuration list for PBXNativeTarget "CuspTests" */ = {
			isa = XCConfigurationList;
			buildConfigurations = (
				70AD57261D8A8E59003042F4 /* Debug */,
				70AD57271D8A8E59003042F4 /* Release */,
			);
			defaultConfigurationIsVisible = 0;
			defaultConfigurationName = Release;
		};
/* End XCConfigurationList section */
	};
	rootObject = 70AD57051D8A8E59003042F4 /* Project object */;
}
